
Microsoft Visual Studio Solution File, Format Version 12.00
# Visual Studio Version 17
VisualStudioVersion = 17.5.33530.505
MinimumVisualStudioVersion = 10.0.40219.1
Project("{FAE04EC0-301F-11D3-BF4B-00C04F79EFBC}") = "WeatherApp_Sakshi_WebDev", "WeatherApp_Sakshi_WebDev\WeatherApp_Sakshi_WebDev.csproj", "{CF5E5E0B-4AF3-40F6-A6E6-81022563C932}"
	ProjectSection(ProjectDependencies) = postProject
		{0765AE0A-2E15-44BE-B7BC-57FE6254D624} = {0765AE0A-2E15-44BE-B7BC-57FE6254D624}
	EndProjectSection
EndProject
Project("{FAE04EC0-301F-11D3-BF4B-00C04F79EFBC}") = "WebApp_Test", "WebApp_Test\WebApp_Test.csproj", "{CCEC8EEF-DE7C-4756-BAB7-0899B0AC7EB4}"
	ProjectSection(ProjectDependencies) = postProject
		{0765AE0A-2E15-44BE-B7BC-57FE6254D624} = {0765AE0A-2E15-44BE-B7BC-57FE6254D624}
		{CF5E5E0B-4AF3-40F6-A6E6-81022563C932} = {CF5E5E0B-4AF3-40F6-A6E6-81022563C932}
	EndProjectSection
EndProject
Project("{FAE04EC0-301F-11D3-BF4B-00C04F79EFBC}") = "WebApp_Library", "WebApp_Library\WebApp_Library.csproj", "{0765AE0A-2E15-44BE-B7BC-57FE6254D624}"
EndProject
Global
	GlobalSection(SolutionConfigurationPlatforms) = preSolution
		Debug|Any CPU = Debug|Any CPU
		Release|Any CPU = Release|Any CPU
	EndGlobalSection
	GlobalSection(ProjectConfigurationPlatforms) = postSolution
		{CF5E5E0B-4AF3-40F6-A6E6-81022563C932}.Debug|Any CPU.ActiveCfg = Debug|Any CPU
		{CF5E5E0B-4AF3-40F6-A6E6-81022563C932}.Debug|Any CPU.Build.0 = Debug|Any CPU
		{CF5E5E0B-4AF3-40F6-A6E6-81022563C932}.Release|Any CPU.ActiveCfg = Release|Any CPU
		{CF5E5E0B-4AF3-40F6-A6E6-81022563C932}.Release|Any CPU.Build.0 = Release|Any CPU
		{CCEC8EEF-DE7C-4756-BAB7-0899B0AC7EB4}.Debug|Any CPU.ActiveCfg = Debug|Any CPU
		{CCEC8EEF-DE7C-4756-BAB7-0899B0AC7EB4}.Debug|Any CPU.Build.0 = Debug|Any CPU
		{CCEC8EEF-DE7C-4756-BAB7-0899B0AC7EB4}.Release|Any CPU.ActiveCfg = Release|Any CPU
		{CCEC8EEF-DE7C-4756-BAB7-0899B0AC7EB4}.Release|Any CPU.Build.0 = Release|Any CPU
		{0765AE0A-2E15-44BE-B7BC-57FE6254D624}.Debug|Any CPU.ActiveCfg = Debug|Any CPU
		{0765AE0A-2E15-44BE-B7BC-57FE6254D624}.Debug|Any CPU.Build.0 = Debug|Any CPU
		{0765AE0A-2E15-44BE-B7BC-57FE6254D624}.Release|Any CPU.ActiveCfg = Release|Any CPU
		{0765AE0A-2E15-44BE-B7BC-57FE6254D624}.Release|Any CPU.Build.0 = Release|Any CPU
	EndGlobalSection
	GlobalSection(SolutionProperties) = preSolution
		HideSolutionNode = FALSE
	EndGlobalSection
	GlobalSection(ExtensibilityGlobals) = postSolution
		SolutionGuid = {6E3B1CCB-AD84-4214-AE45-05C836B1386A}
	EndGlobalSection
EndGlobal
