
Microsoft Visual Studio Solution File, Format Version 12.00
# Visual Studio Version 17
VisualStudioVersion = 17.5.33530.505
MinimumVisualStudioVersion = 10.0.40219.1
Project("{9A19103F-16F7-4668-BE54-9A1E7A4F7556}") = "WebApp_Library", "WebApp_Library\WebApp_Library.csproj", "{0765AE0A-2E15-44BE-B7BC-57FE6254D624}"
EndProject
Project("{9A19103F-16F7-4668-BE54-9A1E7A4F7556}") = "WeatherApp_Tests", "WeatherApp_Tests\WeatherApp_Tests.csproj", "{CE47C94F-5325-431B-ADCC-B350676F5F1C}"
EndProject
Project("{9A19103F-16F7-4668-BE54-9A1E7A4F7556}") = "WeatherApp_Sakshi_WebDev", "WeatherApp_Sakshi_WebDev\WeatherApp_Sakshi_WebDev.csproj", "{76A2DE91-64B6-4EE4-A8D3-DA8586B7FB2F}"
EndProject
Global
	GlobalSection(SolutionConfigurationPlatforms) = preSolution
		Debug|Any CPU = Debug|Any CPU
		Release|Any CPU = Release|Any CPU
	EndGlobalSection
	GlobalSection(ProjectConfigurationPlatforms) = postSolution
		{0765AE0A-2E15-44BE-B7BC-57FE6254D624}.Debug|Any CPU.ActiveCfg = Debug|Any CPU
		{0765AE0A-2E15-44BE-B7BC-57FE6254D624}.Debug|Any CPU.Build.0 = Debug|Any CPU
		{0765AE0A-2E15-44BE-B7BC-57FE6254D624}.Release|Any CPU.ActiveCfg = Release|Any CPU
		{0765AE0A-2E15-44BE-B7BC-57FE6254D624}.Release|Any CPU.Build.0 = Release|Any CPU
		{CE47C94F-5325-431B-ADCC-B350676F5F1C}.Debug|Any CPU.ActiveCfg = Debug|Any CPU
		{CE47C94F-5325-431B-ADCC-B350676F5F1C}.Debug|Any CPU.Build.0 = Debug|Any CPU
		{CE47C94F-5325-431B-ADCC-B350676F5F1C}.Release|Any CPU.ActiveCfg = Release|Any CPU
		{CE47C94F-5325-431B-ADCC-B350676F5F1C}.Release|Any CPU.Build.0 = Release|Any CPU
		{76A2DE91-64B6-4EE4-A8D3-DA8586B7FB2F}.Debug|Any CPU.ActiveCfg = Debug|Any CPU
		{76A2DE91-64B6-4EE4-A8D3-DA8586B7FB2F}.Debug|Any CPU.Build.0 = Debug|Any CPU
		{76A2DE91-64B6-4EE4-A8D3-DA8586B7FB2F}.Release|Any CPU.ActiveCfg = Release|Any CPU
		{76A2DE91-64B6-4EE4-A8D3-DA8586B7FB2F}.Release|Any CPU.Build.0 = Release|Any CPU
	EndGlobalSection
	GlobalSection(SolutionProperties) = preSolution
		HideSolutionNode = FALSE
	EndGlobalSection
	GlobalSection(ExtensibilityGlobals) = postSolution
		SolutionGuid = {6E3B1CCB-AD84-4214-AE45-05C836B1386A}
	EndGlobalSection
EndGlobal
